
Microsoft Visual Studio Solution File, Format Version 12.00
# Visual Studio 15
VisualStudioVersion = 15.0.28307.106
MinimumVisualStudioVersion = 10.0.40219.1
Project("{FAE04EC0-301F-11D3-BF4B-00C04F79EFBC}") = "Calculator", "Calculator\Calculator.csproj", "{0F447728-EA3C-4F7F-87A5-E7FED8F93250}"
EndProject
Global
	GlobalSection(SolutionConfigurationPlatforms) = preSolution
		Debug|Any CPU = Debug|Any CPU
		Release|Any CPU = Release|Any CPU
	EndGlobalSection
	GlobalSection(ProjectConfigurationPlatforms) = postSolution
		{0F447728-EA3C-4F7F-87A5-E7FED8F93250}.Debug|Any CPU.ActiveCfg = Debug|Any CPU
		{0F447728-EA3C-4F7F-87A5-E7FED8F93250}.Debug|Any CPU.Build.0 = Debug|Any CPU
		{0F447728-EA3C-4F7F-87A5-E7FED8F93250}.Release|Any CPU.ActiveCfg = Release|Any CPU
		{0F447728-EA3C-4F7F-87A5-E7FED8F93250}.Release|Any CPU.Build.0 = Release|Any CPU
	EndGlobalSection
	GlobalSection(SolutionProperties) = preSolution
		HideSolutionNode = FALSE
	EndGlobalSection
	GlobalSection(ExtensibilityGlobals) = postSolution
		SolutionGuid = {8C8FAA60-50E4-4F38-AC09-BFB7066272C3}
	EndGlobalSection
EndGlobal
